// !$*UTF8*$!
{
	archiveVersion = 1;
	classes = {
	};
	objectVersion = 50;
	objects = {

/* Begin PBXBuildFile section */
		9A02E5B621DFCF5900A6AE6C /* AppDelegate.swift in Sources */ = {isa = PBXBuildFile; fileRef = 9A02E5B521DFCF5900A6AE6C /* AppDelegate.swift */; };
		9A02E5BB21DFCF5900A6AE6C /* Main.storyboard in Resources */ = {isa = PBXBuildFile; fileRef = 9A02E5B921DFCF5900A6AE6C /* Main.storyboard */; };
		9A02E5BD21DFCF5D00A6AE6C /* Assets.xcassets in Resources */ = {isa = PBXBuildFile; fileRef = 9A02E5BC21DFCF5D00A6AE6C /* Assets.xcassets */; };
		9A02E5C021DFCF5D00A6AE6C /* LaunchScreen.storyboard in Resources */ = {isa = PBXBuildFile; fileRef = 9A02E5BE21DFCF5D00A6AE6C /* LaunchScreen.storyboard */; };
		9A02E5CB21DFCF5D00A6AE6C /* RestaurantTests.swift in Sources */ = {isa = PBXBuildFile; fileRef = 9A02E5CA21DFCF5D00A6AE6C /* RestaurantTests.swift */; };
		9A02E5D621DFCF5D00A6AE6C /* RestaurantUITests.swift in Sources */ = {isa = PBXBuildFile; fileRef = 9A02E5D521DFCF5D00A6AE6C /* RestaurantUITests.swift */; };
		9A02E5E421DFD33000A6AE6C /* CategoryTableViewController.swift in Sources */ = {isa = PBXBuildFile; fileRef = 9A02E5E321DFD33000A6AE6C /* CategoryTableViewController.swift */; };
		9A02E5E621DFD35C00A6AE6C /* MenuTableViewController.swift in Sources */ = {isa = PBXBuildFile; fileRef = 9A02E5E521DFD35C00A6AE6C /* MenuTableViewController.swift */; };
		9A02E5E821DFD38A00A6AE6C /* OrderTableViewController.swift in Sources */ = {isa = PBXBuildFile; fileRef = 9A02E5E721DFD38900A6AE6C /* OrderTableViewController.swift */; };
		9A02E5EA21DFD66E00A6AE6C /* MenuItemDetailViewController.swift in Sources */ = {isa = PBXBuildFile; fileRef = 9A02E5E921DFD66E00A6AE6C /* MenuItemDetailViewController.swift */; };
		9A02E5EC21DFD96200A6AE6C /* MenuItem.swift in Sources */ = {isa = PBXBuildFile; fileRef = 9A02E5EB21DFD96200A6AE6C /* MenuItem.swift */; };
		9A02E5EE21DFDBAD00A6AE6C /* IntermediaryModels.swift in Sources */ = {isa = PBXBuildFile; fileRef = 9A02E5ED21DFDBAD00A6AE6C /* IntermediaryModels.swift */; };
		9A02E5F021DFDC7D00A6AE6C /* Order.swift in Sources */ = {isa = PBXBuildFile; fileRef = 9A02E5EF21DFDC7D00A6AE6C /* Order.swift */; };
		9A02E5F221DFDD3900A6AE6C /* MenuController.swift in Sources */ = {isa = PBXBuildFile; fileRef = 9A02E5F121DFDD3900A6AE6C /* MenuController.swift */; };
		9A0493CB21FBCBED002EEFD9 /* OrderConfirmationViewController.swift in Sources */ = {isa = PBXBuildFile; fileRef = 9A0493CA21FBCBED002EEFD9 /* OrderConfirmationViewController.swift */; };
/* End PBXBuildFile section */

/* Begin PBXContainerItemProxy section */
		9A02E5C721DFCF5D00A6AE6C /* PBXContainerItemProxy */ = {
			isa = PBXContainerItemProxy;
			containerPortal = 9A02E5AA21DFCF5900A6AE6C /* Project object */;
			proxyType = 1;
			remoteGlobalIDString = 9A02E5B121DFCF5900A6AE6C;
			remoteInfo = Restaurant;
		};
		9A02E5D221DFCF5D00A6AE6C /* PBXContainerItemProxy */ = {
			isa = PBXContainerItemProxy;
			containerPortal = 9A02E5AA21DFCF5900A6AE6C /* Project object */;
			proxyType = 1;
			remoteGlobalIDString = 9A02E5B121DFCF5900A6AE6C;
			remoteInfo = Restaurant;
		};
/* End PBXContainerItemProxy section */

/* Begin PBXFileReference section */
		9A02E5B221DFCF5900A6AE6C /* Restaurant.app */ = {isa = PBXFileReference; explicitFileType = wrapper.application; includeInIndex = 0; path = Restaurant.app; sourceTree = BUILT_PRODUCTS_DIR; };
		9A02E5B521DFCF5900A6AE6C /* AppDelegate.swift */ = {isa = PBXFileReference; lastKnownFileType = sourcecode.swift; path = AppDelegate.swift; sourceTree = "<group>"; };
		9A02E5BA21DFCF5900A6AE6C /* Base */ = {isa = PBXFileReference; lastKnownFileType = file.storyboard; name = Base; path = Base.lproj/Main.storyboard; sourceTree = "<group>"; };
		9A02E5BC21DFCF5D00A6AE6C /* Assets.xcassets */ = {isa = PBXFileReference; lastKnownFileType = folder.assetcatalog; path = Assets.xcassets; sourceTree = "<group>"; };
		9A02E5BF21DFCF5D00A6AE6C /* Base */ = {isa = PBXFileReference; lastKnownFileType = file.storyboard; name = Base; path = Base.lproj/LaunchScreen.storyboard; sourceTree = "<group>"; };
		9A02E5C121DFCF5D00A6AE6C /* Info.plist */ = {isa = PBXFileReference; lastKnownFileType = text.plist.xml; path = Info.plist; sourceTree = "<group>"; };
		9A02E5C621DFCF5D00A6AE6C /* RestaurantTests.xctest */ = {isa = PBXFileReference; explicitFileType = wrapper.cfbundle; includeInIndex = 0; path = RestaurantTests.xctest; sourceTree = BUILT_PRODUCTS_DIR; };
		9A02E5CA21DFCF5D00A6AE6C /* RestaurantTests.swift */ = {isa = PBXFileReference; lastKnownFileType = sourcecode.swift; path = RestaurantTests.swift; sourceTree = "<group>"; };
		9A02E5CC21DFCF5D00A6AE6C /* Info.plist */ = {isa = PBXFileReference; lastKnownFileType = text.plist.xml; path = Info.plist; sourceTree = "<group>"; };
		9A02E5D121DFCF5D00A6AE6C /* RestaurantUITests.xctest */ = {isa = PBXFileReference; explicitFileType = wrapper.cfbundle; includeInIndex = 0; path = RestaurantUITests.xctest; sourceTree = BUILT_PRODUCTS_DIR; };
		9A02E5D521DFCF5D00A6AE6C /* RestaurantUITests.swift */ = {isa = PBXFileReference; lastKnownFileType = sourcecode.swift; path = RestaurantUITests.swift; sourceTree = "<group>"; };
		9A02E5D721DFCF5D00A6AE6C /* Info.plist */ = {isa = PBXFileReference; lastKnownFileType = text.plist.xml; path = Info.plist; sourceTree = "<group>"; };
		9A02E5E321DFD33000A6AE6C /* CategoryTableViewController.swift */ = {isa = PBXFileReference; lastKnownFileType = sourcecode.swift; path = CategoryTableViewController.swift; sourceTree = "<group>"; };
		9A02E5E521DFD35C00A6AE6C /* MenuTableViewController.swift */ = {isa = PBXFileReference; lastKnownFileType = sourcecode.swift; path = MenuTableViewController.swift; sourceTree = "<group>"; };
		9A02E5E721DFD38900A6AE6C /* OrderTableViewController.swift */ = {isa = PBXFileReference; lastKnownFileType = sourcecode.swift; path = OrderTableViewController.swift; sourceTree = "<group>"; };
		9A02E5E921DFD66E00A6AE6C /* MenuItemDetailViewController.swift */ = {isa = PBXFileReference; lastKnownFileType = sourcecode.swift; path = MenuItemDetailViewController.swift; sourceTree = "<group>"; };
		9A02E5EB21DFD96200A6AE6C /* MenuItem.swift */ = {isa = PBXFileReference; lastKnownFileType = sourcecode.swift; path = MenuItem.swift; sourceTree = "<group>"; };
		9A02E5ED21DFDBAD00A6AE6C /* IntermediaryModels.swift */ = {isa = PBXFileReference; lastKnownFileType = sourcecode.swift; path = IntermediaryModels.swift; sourceTree = "<group>"; };
		9A02E5EF21DFDC7D00A6AE6C /* Order.swift */ = {isa = PBXFileReference; lastKnownFileType = sourcecode.swift; path = Order.swift; sourceTree = "<group>"; };
		9A02E5F121DFDD3900A6AE6C /* MenuController.swift */ = {isa = PBXFileReference; lastKnownFileType = sourcecode.swift; path = MenuController.swift; sourceTree = "<group>"; };
		9A0493CA21FBCBED002EEFD9 /* OrderConfirmationViewController.swift */ = {isa = PBXFileReference; lastKnownFileType = sourcecode.swift; path = OrderConfirmationViewController.swift; sourceTree = "<group>"; };
/* End PBXFileReference section */

/* Begin PBXFrameworksBuildPhase section */
		9A02E5AF21DFCF5900A6AE6C /* Frameworks */ = {
			isa = PBXFrameworksBuildPhase;
			buildActionMask = 2147483647;
			files = (
			);
			runOnlyForDeploymentPostprocessing = 0;
		};
		9A02E5C321DFCF5D00A6AE6C /* Frameworks */ = {
			isa = PBXFrameworksBuildPhase;
			buildActionMask = 2147483647;
			files = (
			);
			runOnlyForDeploymentPostprocessing = 0;
		};
		9A02E5CE21DFCF5D00A6AE6C /* Frameworks */ = {
			isa = PBXFrameworksBuildPhase;
			buildActionMask = 2147483647;
			files = (
			);
			runOnlyForDeploymentPostprocessing = 0;
		};
/* End PBXFrameworksBuildPhase section */

/* Begin PBXGroup section */
		9A025E9621F283A9007D3B97 /* Model */ = {
			isa = PBXGroup;
			children = (
				9A02E5EB21DFD96200A6AE6C /* MenuItem.swift */,
				9A02E5ED21DFDBAD00A6AE6C /* IntermediaryModels.swift */,
				9A02E5EF21DFDC7D00A6AE6C /* Order.swift */,
			);
			path = Model;
			sourceTree = "<group>";
		};
		9A025E9721F283AF007D3B97 /* Controllers */ = {
			isa = PBXGroup;
			children = (
			);
			path = Controllers;
			sourceTree = "<group>";
		};
		9A025E9821F283D3007D3B97 /* View */ = {
			isa = PBXGroup;
			children = (
				9A02E5E321DFD33000A6AE6C /* CategoryTableViewController.swift */,
				9A02E5E521DFD35C00A6AE6C /* MenuTableViewController.swift */,
				9A02E5E921DFD66E00A6AE6C /* MenuItemDetailViewController.swift */,
				9A02E5E721DFD38900A6AE6C /* OrderTableViewController.swift */,
				9A0493CA21FBCBED002EEFD9 /* OrderConfirmationViewController.swift */,
				9A02E5B921DFCF5900A6AE6C /* Main.storyboard */,
			);
			path = View;
			sourceTree = "<group>";
		};
		9A02E5A921DFCF5900A6AE6C = {
			isa = PBXGroup;
			children = (
				9A02E5B421DFCF5900A6AE6C /* Restaurant */,
				9A02E5C921DFCF5D00A6AE6C /* RestaurantTests */,
				9A02E5D421DFCF5D00A6AE6C /* RestaurantUITests */,
				9A02E5B321DFCF5900A6AE6C /* Products */,
			);
			sourceTree = "<group>";
		};
		9A02E5B321DFCF5900A6AE6C /* Products */ = {
			isa = PBXGroup;
			children = (
				9A02E5B221DFCF5900A6AE6C /* Restaurant.app */,
				9A02E5C621DFCF5D00A6AE6C /* RestaurantTests.xctest */,
				9A02E5D121DFCF5D00A6AE6C /* RestaurantUITests.xctest */,
			);
			name = Products;
			sourceTree = "<group>";
		};
		9A02E5B421DFCF5900A6AE6C /* Restaurant */ = {
			isa = PBXGroup;
			children = (
				9A02E5B521DFCF5900A6AE6C /* AppDelegate.swift */,
				9A025E9621F283A9007D3B97 /* Model */,
				9A025E9821F283D3007D3B97 /* View */,
				9A025E9721F283AF007D3B97 /* Controllers */,
				9A02E5F121DFDD3900A6AE6C /* MenuController.swift */,
				9A02E5BC21DFCF5D00A6AE6C /* Assets.xcassets */,
				9A02E5BE21DFCF5D00A6AE6C /* LaunchScreen.storyboard */,
				9A02E5C121DFCF5D00A6AE6C /* Info.plist */,
			);
			path = Restaurant;
			sourceTree = "<group>";
		};
		9A02E5C921DFCF5D00A6AE6C /* RestaurantTests */ = {
			isa = PBXGroup;
			children = (
				9A02E5CA21DFCF5D00A6AE6C /* RestaurantTests.swift */,
				9A02E5CC21DFCF5D00A6AE6C /* Info.plist */,
			);
			path = RestaurantTests;
			sourceTree = "<group>";
		};
		9A02E5D421DFCF5D00A6AE6C /* RestaurantUITests */ = {
			isa = PBXGroup;
			children = (
				9A02E5D521DFCF5D00A6AE6C /* RestaurantUITests.swift */,
				9A02E5D721DFCF5D00A6AE6C /* Info.plist */,
			);
			path = RestaurantUITests;
			sourceTree = "<group>";
		};
/* End PBXGroup section */

/* Begin PBXNativeTarget section */
		9A02E5B121DFCF5900A6AE6C /* Restaurant */ = {
			isa = PBXNativeTarget;
			buildConfigurationList = 9A02E5DA21DFCF5D00A6AE6C /* Build configuration list for PBXNativeTarget "Restaurant" */;
			buildPhases = (
				9A02E5AE21DFCF5900A6AE6C /* Sources */,
				9A02E5AF21DFCF5900A6AE6C /* Frameworks */,
				9A02E5B021DFCF5900A6AE6C /* Resources */,
			);
			buildRules = (
			);
			dependencies = (
			);
			name = Restaurant;
			productName = Restaurant;
			productReference = 9A02E5B221DFCF5900A6AE6C /* Restaurant.app */;
			productType = "com.apple.product-type.application";
		};
		9A02E5C521DFCF5D00A6AE6C /* RestaurantTests */ = {
			isa = PBXNativeTarget;
			buildConfigurationList = 9A02E5DD21DFCF5D00A6AE6C /* Build configuration list for PBXNativeTarget "RestaurantTests" */;
			buildPhases = (
				9A02E5C221DFCF5D00A6AE6C /* Sources */,
				9A02E5C321DFCF5D00A6AE6C /* Frameworks */,
				9A02E5C421DFCF5D00A6AE6C /* Resources */,
			);
			buildRules = (
			);
			dependencies = (
				9A02E5C821DFCF5D00A6AE6C /* PBXTargetDependency */,
			);
			name = RestaurantTests;
			productName = RestaurantTests;
			productReference = 9A02E5C621DFCF5D00A6AE6C /* RestaurantTests.xctest */;
			productType = "com.apple.product-type.bundle.unit-test";
		};
		9A02E5D021DFCF5D00A6AE6C /* RestaurantUITests */ = {
			isa = PBXNativeTarget;
			buildConfigurationList = 9A02E5E021DFCF5D00A6AE6C /* Build configuration list for PBXNativeTarget "RestaurantUITests" */;
			buildPhases = (
				9A02E5CD21DFCF5D00A6AE6C /* Sources */,
				9A02E5CE21DFCF5D00A6AE6C /* Frameworks */,
				9A02E5CF21DFCF5D00A6AE6C /* Resources */,
			);
			buildRules = (
			);
			dependencies = (
				9A02E5D321DFCF5D00A6AE6C /* PBXTargetDependency */,
			);
			name = RestaurantUITests;
			productName = RestaurantUITests;
			productReference = 9A02E5D121DFCF5D00A6AE6C /* RestaurantUITests.xctest */;
			productType = "com.apple.product-type.bundle.ui-testing";
		};
/* End PBXNativeTarget section */

/* Begin PBXProject section */
		9A02E5AA21DFCF5900A6AE6C /* Project object */ = {
			isa = PBXProject;
			attributes = {
				LastSwiftUpdateCheck = 1010;
				LastUpgradeCheck = 1010;
				ORGANIZATIONNAME = "Benjamin Poulsen PRO";
				TargetAttributes = {
					9A02E5B121DFCF5900A6AE6C = {
						CreatedOnToolsVersion = 10.1;
					};
					9A02E5C521DFCF5D00A6AE6C = {
						CreatedOnToolsVersion = 10.1;
						TestTargetID = 9A02E5B121DFCF5900A6AE6C;
					};
					9A02E5D021DFCF5D00A6AE6C = {
						CreatedOnToolsVersion = 10.1;
						TestTargetID = 9A02E5B121DFCF5900A6AE6C;
					};
				};
			};
			buildConfigurationList = 9A02E5AD21DFCF5900A6AE6C /* Build configuration list for PBXProject "Restaurant" */;
			compatibilityVersion = "Xcode 9.3";
			developmentRegion = en;
			hasScannedForEncodings = 0;
			knownRegions = (
				en,
				Base,
			);
			mainGroup = 9A02E5A921DFCF5900A6AE6C;
			productRefGroup = 9A02E5B321DFCF5900A6AE6C /* Products */;
			projectDirPath = "";
			projectRoot = "";
			targets = (
				9A02E5B121DFCF5900A6AE6C /* Restaurant */,
				9A02E5C521DFCF5D00A6AE6C /* RestaurantTests */,
				9A02E5D021DFCF5D00A6AE6C /* RestaurantUITests */,
			);
		};
/* End PBXProject section */

/* Begin PBXResourcesBuildPhase section */
		9A02E5B021DFCF5900A6AE6C /* Resources */ = {
			isa = PBXResourcesBuildPhase;
			buildActionMask = 2147483647;
			files = (
				9A02E5C021DFCF5D00A6AE6C /* LaunchScreen.storyboard in Resources */,
				9A02E5BD21DFCF5D00A6AE6C /* Assets.xcassets in Resources */,
				9A02E5BB21DFCF5900A6AE6C /* Main.storyboard in Resources */,
			);
			runOnlyForDeploymentPostprocessing = 0;
		};
		9A02E5C421DFCF5D00A6AE6C /* Resources */ = {
			isa = PBXResourcesBuildPhase;
			buildActionMask = 2147483647;
			files = (
			);
			runOnlyForDeploymentPostprocessing = 0;
		};
		9A02E5CF21DFCF5D00A6AE6C /* Resources */ = {
			isa = PBXResourcesBuildPhase;
			buildActionMask = 2147483647;
			files = (
			);
			runOnlyForDeploymentPostprocessing = 0;
		};
/* End PBXResourcesBuildPhase section */

/* Begin PBXSourcesBuildPhase section */
		9A02E5AE21DFCF5900A6AE6C /* Sources */ = {
			isa = PBXSourcesBuildPhase;
			buildActionMask = 2147483647;
			files = (
				9A0493CB21FBCBED002EEFD9 /* OrderConfirmationViewController.swift in Sources */,
				9A02E5EA21DFD66E00A6AE6C /* MenuItemDetailViewController.swift in Sources */,
				9A02E5F221DFDD3900A6AE6C /* MenuController.swift in Sources */,
				9A02E5E821DFD38A00A6AE6C /* OrderTableViewController.swift in Sources */,
				9A02E5F021DFDC7D00A6AE6C /* Order.swift in Sources */,
				9A02E5B621DFCF5900A6AE6C /* AppDelegate.swift in Sources */,
				9A02E5EC21DFD96200A6AE6C /* MenuItem.swift in Sources */,
				9A02E5E421DFD33000A6AE6C /* CategoryTableViewController.swift in Sources */,
				9A02E5E621DFD35C00A6AE6C /* MenuTableViewController.swift in Sources */,
				9A02E5EE21DFDBAD00A6AE6C /* IntermediaryModels.swift in Sources */,
			);
			runOnlyForDeploymentPostprocessing = 0;
		};
		9A02E5C221DFCF5D00A6AE6C /* Sources */ = {
			isa = PBXSourcesBuildPhase;
			buildActionMask = 2147483647;
			files = (
				9A02E5CB21DFCF5D00A6AE6C /* RestaurantTests.swift in Sources */,
			);
			runOnlyForDeploymentPostprocessing = 0;
		};
		9A02E5CD21DFCF5D00A6AE6C /* Sources */ = {
			isa = PBXSourcesBuildPhase;
			buildActionMask = 2147483647;
			files = (
				9A02E5D621DFCF5D00A6AE6C /* RestaurantUITests.swift in Sources */,
			);
			runOnlyForDeploymentPostprocessing = 0;
		};
/* End PBXSourcesBuildPhase section */

/* Begin PBXTargetDependency section */
		9A02E5C821DFCF5D00A6AE6C /* PBXTargetDependency */ = {
			isa = PBXTargetDependency;
			target = 9A02E5B121DFCF5900A6AE6C /* Restaurant */;
			targetProxy = 9A02E5C721DFCF5D00A6AE6C /* PBXContainerItemProxy */;
		};
		9A02E5D321DFCF5D00A6AE6C /* PBXTargetDependency */ = {
			isa = PBXTargetDependency;
			target = 9A02E5B121DFCF5900A6AE6C /* Restaurant */;
			targetProxy = 9A02E5D221DFCF5D00A6AE6C /* PBXContainerItemProxy */;
		};
/* End PBXTargetDependency section */

/* Begin PBXVariantGroup section */
		9A02E5B921DFCF5900A6AE6C /* Main.storyboard */ = {
			isa = PBXVariantGroup;
			children = (
				9A02E5BA21DFCF5900A6AE6C /* Base */,
			);
			name = Main.storyboard;
			sourceTree = "<group>";
		};
		9A02E5BE21DFCF5D00A6AE6C /* LaunchScreen.storyboard */ = {
			isa = PBXVariantGroup;
			children = (
				9A02E5BF21DFCF5D00A6AE6C /* Base */,
			);
			name = LaunchScreen.storyboard;
			sourceTree = "<group>";
		};
/* End PBXVariantGroup section */

/* Begin XCBuildConfiguration section */
		9A02E5D821DFCF5D00A6AE6C /* Debug */ = {
			isa = XCBuildConfiguration;
			buildSettings = {
				ALWAYS_SEARCH_USER_PATHS = NO;
				CLANG_ANALYZER_NONNULL = YES;
				CLANG_ANALYZER_NUMBER_OBJECT_CONVERSION = YES_AGGRESSIVE;
				CLANG_CXX_LANGUAGE_STANDARD = "gnu++14";
				CLANG_CXX_LIBRARY = "libc++";
				CLANG_ENABLE_MODULES = YES;
				CLANG_ENABLE_OBJC_ARC = YES;
				CLANG_ENABLE_OBJC_WEAK = YES;
				CLANG_WARN_BLOCK_CAPTURE_AUTORELEASING = YES;
				CLANG_WARN_BOOL_CONVERSION = YES;
				CLANG_WARN_COMMA = YES;
				CLANG_WARN_CONSTANT_CONVERSION = YES;
				CLANG_WARN_DEPRECATED_OBJC_IMPLEMENTATIONS = YES;
				CLANG_WARN_DIRECT_OBJC_ISA_USAGE = YES_ERROR;
				CLANG_WARN_DOCUMENTATION_COMMENTS = YES;
				CLANG_WARN_EMPTY_BODY = YES;
				CLANG_WARN_ENUM_CONVERSION = YES;
				CLANG_WARN_INFINITE_RECURSION = YES;
				CLANG_WARN_INT_CONVERSION = YES;
				CLANG_WARN_NON_LITERAL_NULL_CONVERSION = YES;
				CLANG_WARN_OBJC_IMPLICIT_RETAIN_SELF = YES;
				CLANG_WARN_OBJC_LITERAL_CONVERSION = YES;
				CLANG_WARN_OBJC_ROOT_CLASS = YES_ERROR;
				CLANG_WARN_RANGE_LOOP_ANALYSIS = YES;
				CLANG_WARN_STRICT_PROTOTYPES = YES;
				CLANG_WARN_SUSPICIOUS_MOVE = YES;
				CLANG_WARN_UNGUARDED_AVAILABILITY = YES_AGGRESSIVE;
				CLANG_WARN_UNREACHABLE_CODE = YES;
				CLANG_WARN__DUPLICATE_METHOD_MATCH = YES;
				CODE_SIGN_IDENTITY = "iPhone Developer";
				COPY_PHASE_STRIP = NO;
				DEBUG_INFORMATION_FORMAT = dwarf;
				ENABLE_STRICT_OBJC_MSGSEND = YES;
				ENABLE_TESTABILITY = YES;
				GCC_C_LANGUAGE_STANDARD = gnu11;
				GCC_DYNAMIC_NO_PIC = NO;
				GCC_NO_COMMON_BLOCKS = YES;
				GCC_OPTIMIZATION_LEVEL = 0;
				GCC_PREPROCESSOR_DEFINITIONS = (
					"DEBUG=1",
					"$(inherited)",
				);
				GCC_WARN_64_TO_32_BIT_CONVERSION = YES;
				GCC_WARN_ABOUT_RETURN_TYPE = YES_ERROR;
				GCC_WARN_UNDECLARED_SELECTOR = YES;
				GCC_WARN_UNINITIALIZED_AUTOS = YES_AGGRESSIVE;
				GCC_WARN_UNUSED_FUNCTION = YES;
				GCC_WARN_UNUSED_VARIABLE = YES;
				IPHONEOS_DEPLOYMENT_TARGET = 12.1;
				MTL_ENABLE_DEBUG_INFO = INCLUDE_SOURCE;
				MTL_FAST_MATH = YES;
				ONLY_ACTIVE_ARCH = YES;
				SDKROOT = iphoneos;
				SWIFT_ACTIVE_COMPILATION_CONDITIONS = DEBUG;
				SWIFT_OPTIMIZATION_LEVEL = "-Onone";
			};
			name = Debug;
		};
		9A02E5D921DFCF5D00A6AE6C /* Release */ = {
			isa = XCBuildConfiguration;
			buildSettings = {
				ALWAYS_SEARCH_USER_PATHS = NO;
				CLANG_ANALYZER_NONNULL = YES;
				CLANG_ANALYZER_NUMBER_OBJECT_CONVERSION = YES_AGGRESSIVE;
				CLANG_CXX_LANGUAGE_STANDARD = "gnu++14";
				CLANG_CXX_LIBRARY = "libc++";
				CLANG_ENABLE_MODULES = YES;
				CLANG_ENABLE_OBJC_ARC = YES;
				CLANG_ENABLE_OBJC_WEAK = YES;
				CLANG_WARN_BLOCK_CAPTURE_AUTORELEASING = YES;
				CLANG_WARN_BOOL_CONVERSION = YES;
				CLANG_WARN_COMMA = YES;
				CLANG_WARN_CONSTANT_CONVERSION = YES;
				CLANG_WARN_DEPRECATED_OBJC_IMPLEMENTATIONS = YES;
				CLANG_WARN_DIRECT_OBJC_ISA_USAGE = YES_ERROR;
				CLANG_WARN_DOCUMENTATION_COMMENTS = YES;
				CLANG_WARN_EMPTY_BODY = YES;
				CLANG_WARN_ENUM_CONVERSION = YES;
				CLANG_WARN_INFINITE_RECURSION = YES;
				CLANG_WARN_INT_CONVERSION = YES;
				CLANG_WARN_NON_LITERAL_NULL_CONVERSION = YES;
				CLANG_WARN_OBJC_IMPLICIT_RETAIN_SELF = YES;
				CLANG_WARN_OBJC_LITERAL_CONVERSION = YES;
				CLANG_WARN_OBJC_ROOT_CLASS = YES_ERROR;
				CLANG_WARN_RANGE_LOOP_ANALYSIS = YES;
				CLANG_WARN_STRICT_PROTOTYPES = YES;
				CLANG_WARN_SUSPICIOUS_MOVE = YES;
				CLANG_WARN_UNGUARDED_AVAILABILITY = YES_AGGRESSIVE;
				CLANG_WARN_UNREACHABLE_CODE = YES;
				CLANG_WARN__DUPLICATE_METHOD_MATCH = YES;
				CODE_SIGN_IDENTITY = "iPhone Developer";
				COPY_PHASE_STRIP = NO;
				DEBUG_INFORMATION_FORMAT = "dwarf-with-dsym";
				ENABLE_NS_ASSERTIONS = NO;
				ENABLE_STRICT_OBJC_MSGSEND = YES;
				GCC_C_LANGUAGE_STANDARD = gnu11;
				GCC_NO_COMMON_BLOCKS = YES;
				GCC_WARN_64_TO_32_BIT_CONVERSION = YES;
				GCC_WARN_ABOUT_RETURN_TYPE = YES_ERROR;
				GCC_WARN_UNDECLARED_SELECTOR = YES;
				GCC_WARN_UNINITIALIZED_AUTOS = YES_AGGRESSIVE;
				GCC_WARN_UNUSED_FUNCTION = YES;
				GCC_WARN_UNUSED_VARIABLE = YES;
				IPHONEOS_DEPLOYMENT_TARGET = 12.1;
				MTL_ENABLE_DEBUG_INFO = NO;
				MTL_FAST_MATH = YES;
				SDKROOT = iphoneos;
				SWIFT_COMPILATION_MODE = wholemodule;
				SWIFT_OPTIMIZATION_LEVEL = "-O";
				VALIDATE_PRODUCT = YES;
			};
			name = Release;
		};
		9A02E5DB21DFCF5D00A6AE6C /* Debug */ = {
			isa = XCBuildConfiguration;
			buildSettings = {
				ASSETCATALOG_COMPILER_APPICON_NAME = AppIcon;
				CODE_SIGN_STYLE = Automatic;
				INFOPLIST_FILE = Restaurant/Info.plist;
				LD_RUNPATH_SEARCH_PATHS = (
					"$(inherited)",
					"@executable_path/Frameworks",
				);
				PRODUCT_BUNDLE_IDENTIFIER = coffee.Restaurant;
				PRODUCT_NAME = "$(TARGET_NAME)";
				SWIFT_VERSION = 4.2;
				TARGETED_DEVICE_FAMILY = "1,2";
			};
			name = Debug;
		};
		9A02E5DC21DFCF5D00A6AE6C /* Release */ = {
			isa = XCBuildConfiguration;
			buildSettings = {
				ASSETCATALOG_COMPILER_APPICON_NAME = AppIcon;
				CODE_SIGN_STYLE = Automatic;
				INFOPLIST_FILE = Restaurant/Info.plist;
				LD_RUNPATH_SEARCH_PATHS = (
					"$(inherited)",
					"@executable_path/Frameworks",
				);
				PRODUCT_BUNDLE_IDENTIFIER = coffee.Restaurant;
				PRODUCT_NAME = "$(TARGET_NAME)";
				SWIFT_VERSION = 4.2;
				TARGETED_DEVICE_FAMILY = "1,2";
			};
			name = Release;
		};
		9A02E5DE21DFCF5D00A6AE6C /* Debug */ = {
			isa = XCBuildConfiguration;
			buildSettings = {
				ALWAYS_EMBED_SWIFT_STANDARD_LIBRARIES = YES;
				BUNDLE_LOADER = "$(TEST_HOST)";
				CODE_SIGN_STYLE = Automatic;
				INFOPLIST_FILE = RestaurantTests/Info.plist;
				LD_RUNPATH_SEARCH_PATHS = (
					"$(inherited)",
					"@executable_path/Frameworks",
					"@loader_path/Frameworks",
				);
				PRODUCT_BUNDLE_IDENTIFIER = coffee.RestaurantTests;
				PRODUCT_NAME = "$(TARGET_NAME)";
				SWIFT_VERSION = 4.2;
				TARGETED_DEVICE_FAMILY = "1,2";
				TEST_HOST = "$(BUILT_PRODUCTS_DIR)/Restaurant.app/Restaurant";
			};
			name = Debug;
		};
		9A02E5DF21DFCF5D00A6AE6C /* Release */ = {
			isa = XCBuildConfiguration;
			buildSettings = {
				ALWAYS_EMBED_SWIFT_STANDARD_LIBRARIES = YES;
				BUNDLE_LOADER = "$(TEST_HOST)";
				CODE_SIGN_STYLE = Automatic;
				INFOPLIST_FILE = RestaurantTests/Info.plist;
				LD_RUNPATH_SEARCH_PATHS = (
					"$(inherited)",
					"@executable_path/Frameworks",
					"@loader_path/Frameworks",
				);
				PRODUCT_BUNDLE_IDENTIFIER = coffee.RestaurantTests;
				PRODUCT_NAME = "$(TARGET_NAME)";
				SWIFT_VERSION = 4.2;
				TARGETED_DEVICE_FAMILY = "1,2";
				TEST_HOST = "$(BUILT_PRODUCTS_DIR)/Restaurant.app/Restaurant";
			};
			name = Release;
		};
		9A02E5E121DFCF5D00A6AE6C /* Debug */ = {
			isa = XCBuildConfiguration;
			buildSettings = {
				ALWAYS_EMBED_SWIFT_STANDARD_LIBRARIES = YES;
				CODE_SIGN_STYLE = Automatic;
				INFOPLIST_FILE = RestaurantUITests/Info.plist;
				LD_RUNPATH_SEARCH_PATHS = (
					"$(inherited)",
					"@executable_path/Frameworks",
					"@loader_path/Frameworks",
				);
				PRODUCT_BUNDLE_IDENTIFIER = coffee.RestaurantUITests;
				PRODUCT_NAME = "$(TARGET_NAME)";
				SWIFT_VERSION = 4.2;
				TARGETED_DEVICE_FAMILY = "1,2";
				TEST_TARGET_NAME = Restaurant;
			};
			name = Debug;
		};
		9A02E5E221DFCF5D00A6AE6C /* Release */ = {
			isa = XCBuildConfiguration;
			buildSettings = {
				ALWAYS_EMBED_SWIFT_STANDARD_LIBRARIES = YES;
				CODE_SIGN_STYLE = Automatic;
				INFOPLIST_FILE = RestaurantUITests/Info.plist;
				LD_RUNPATH_SEARCH_PATHS = (
					"$(inherited)",
					"@executable_path/Frameworks",
					"@loader_path/Frameworks",
				);
				PRODUCT_BUNDLE_IDENTIFIER = coffee.RestaurantUITests;
				PRODUCT_NAME = "$(TARGET_NAME)";
				SWIFT_VERSION = 4.2;
				TARGETED_DEVICE_FAMILY = "1,2";
				TEST_TARGET_NAME = Restaurant;
			};
			name = Release;
		};
/* End XCBuildConfiguration section */

/* Begin XCConfigurationList section */
		9A02E5AD21DFCF5900A6AE6C /* Build configuration list for PBXProject "Restaurant" */ = {
			isa = XCConfigurationList;
			buildConfigurations = (
				9A02E5D821DFCF5D00A6AE6C /* Debug */,
				9A02E5D921DFCF5D00A6AE6C /* Release */,
			);
			defaultConfigurationIsVisible = 0;
			defaultConfigurationName = Release;
		};
		9A02E5DA21DFCF5D00A6AE6C /* Build configuration list for PBXNativeTarget "Restaurant" */ = {
			isa = XCConfigurationList;
			buildConfigurations = (
				9A02E5DB21DFCF5D00A6AE6C /* Debug */,
				9A02E5DC21DFCF5D00A6AE6C /* Release */,
			);
			defaultConfigurationIsVisible = 0;
			defaultConfigurationName = Release;
		};
		9A02E5DD21DFCF5D00A6AE6C /* Build configuration list for PBXNativeTarget "RestaurantTests" */ = {
			isa = XCConfigurationList;
			buildConfigurations = (
				9A02E5DE21DFCF5D00A6AE6C /* Debug */,
				9A02E5DF21DFCF5D00A6AE6C /* Release */,
			);
			defaultConfigurationIsVisible = 0;
			defaultConfigurationName = Release;
		};
		9A02E5E021DFCF5D00A6AE6C /* Build configuration list for PBXNativeTarget "RestaurantUITests" */ = {
			isa = XCConfigurationList;
			buildConfigurations = (
				9A02E5E121DFCF5D00A6AE6C /* Debug */,
				9A02E5E221DFCF5D00A6AE6C /* Release */,
			);
			defaultConfigurationIsVisible = 0;
			defaultConfigurationName = Release;
		};
/* End XCConfigurationList section */
	};
	rootObject = 9A02E5AA21DFCF5900A6AE6C /* Project object */;
}
